
Microsoft Visual Studio Solution File, Format Version 12.00
# Visual Studio Version 17
VisualStudioVersion = 17.5.33516.290
MinimumVisualStudioVersion = 10.0.40219.1
Project("{9A19103F-16F7-4668-BE54-9A1E7A4F7556}") = "MoneyKeeper", "MoneyKeeper\MoneyKeeper.csproj", "{5AFE0F76-5DC2-46B6-8613-60B053E9AF76}"
EndProject
Project("{9A19103F-16F7-4668-BE54-9A1E7A4F7556}") = "MoneyKeeper.Client", "MoneyKeeper.Client\MoneyKeeper.Client.csproj", "{89E9AB92-CA80-41B6-8021-990D318B4EF5}"
EndProject
Project("{FAE04EC0-301F-11D3-BF4B-00C04F79EFBC}") = "MoneyKeeper.Tests", "MoneyKeeper.Tests\MoneyKeeper.Tests.csproj", "{87A79AAF-219D-4A70-A529-EB03094D098A}"
EndProject
Global
	GlobalSection(SolutionConfigurationPlatforms) = preSolution
		Debug|Any CPU = Debug|Any CPU
		Release|Any CPU = Release|Any CPU
	EndGlobalSection
	GlobalSection(ProjectConfigurationPlatforms) = postSolution
		{5AFE0F76-5DC2-46B6-8613-60B053E9AF76}.Debug|Any CPU.ActiveCfg = Debug|Any CPU
		{5AFE0F76-5DC2-46B6-8613-60B053E9AF76}.Debug|Any CPU.Build.0 = Debug|Any CPU
		{5AFE0F76-5DC2-46B6-8613-60B053E9AF76}.Release|Any CPU.ActiveCfg = Release|Any CPU
		{5AFE0F76-5DC2-46B6-8613-60B053E9AF76}.Release|Any CPU.Build.0 = Release|Any CPU
		{89E9AB92-CA80-41B6-8021-990D318B4EF5}.Debug|Any CPU.ActiveCfg = Debug|Any CPU
		{89E9AB92-CA80-41B6-8021-990D318B4EF5}.Debug|Any CPU.Build.0 = Debug|Any CPU
		{89E9AB92-CA80-41B6-8021-990D318B4EF5}.Debug|Any CPU.Deploy.0 = Debug|Any CPU
		{89E9AB92-CA80-41B6-8021-990D318B4EF5}.Release|Any CPU.ActiveCfg = Release|Any CPU
		{89E9AB92-CA80-41B6-8021-990D318B4EF5}.Release|Any CPU.Build.0 = Release|Any CPU
		{89E9AB92-CA80-41B6-8021-990D318B4EF5}.Release|Any CPU.Deploy.0 = Release|Any CPU
		{87A79AAF-219D-4A70-A529-EB03094D098A}.Debug|Any CPU.ActiveCfg = Debug|Any CPU
		{87A79AAF-219D-4A70-A529-EB03094D098A}.Debug|Any CPU.Build.0 = Debug|Any CPU
		{87A79AAF-219D-4A70-A529-EB03094D098A}.Release|Any CPU.ActiveCfg = Release|Any CPU
		{87A79AAF-219D-4A70-A529-EB03094D098A}.Release|Any CPU.Build.0 = Release|Any CPU
	EndGlobalSection
	GlobalSection(SolutionProperties) = preSolution
		HideSolutionNode = FALSE
	EndGlobalSection
	GlobalSection(ExtensibilityGlobals) = postSolution
		SolutionGuid = {3EBF3903-B71B-4856-B47B-5EAB545CFDCB}
	EndGlobalSection
EndGlobal
