
Microsoft Visual Studio Solution File, Format Version 12.00
# Visual Studio Version 17
VisualStudioVersion = 17.5.33516.290
MinimumVisualStudioVersion = 10.0.40219.1
Project("{2150E333-8FDC-42A3-9474-1A3956D46DE8}") = "src", "src", "{1AA818CE-921A-4266-9218-84185DB3068F}"
EndProject
Project("{2150E333-8FDC-42A3-9474-1A3956D46DE8}") = "Server", "Server", "{C6E59D42-2FC0-4652-88D5-5F15E952D4CE}"
EndProject
Project("{2150E333-8FDC-42A3-9474-1A3956D46DE8}") = "Bootstraper", "Bootstraper", "{B6E047BE-735F-4562-85AD-F1CEF96A0F4A}"
EndProject
Project("{9A19103F-16F7-4668-BE54-9A1E7A4F7556}") = "MoneyKeeper.Web", "src\Server\Bootstrapper\MoneyKeeper.Web\MoneyKeeper.Web.csproj", "{53873AFD-974F-4624-B8AD-D2AF4E4847BE}"
EndProject
Project("{9A19103F-16F7-4668-BE54-9A1E7A4F7556}") = "MoneyKeeper.Console", "src\Server\Bootstrapper\MoneyKeeper.Console\MoneyKeeper.Console.csproj", "{41164245-3BD4-4D25-B593-C74427763829}"
EndProject
Project("{2150E333-8FDC-42A3-9474-1A3956D46DE8}") = "Modules", "Modules", "{5750C55C-4B35-4740-8935-C45F26D7FA4B}"
EndProject
Project("{2150E333-8FDC-42A3-9474-1A3956D46DE8}") = "Client", "Client", "{128C7732-C875-406F-B1EB-D6449A2F544A}"
EndProject
Project("{9A19103F-16F7-4668-BE54-9A1E7A4F7556}") = "MoneyKeeper.Client", "src\Client\MoneyKeeper.Client\MoneyKeeper.Client.csproj", "{74921CB0-5FC9-4EA4-8BC0-29177EDD6FA8}"
EndProject
Project("{2150E333-8FDC-42A3-9474-1A3956D46DE8}") = "Tests", "Tests", "{071578B3-37EC-4263-9388-9B86F401EDB3}"
EndProject
Project("{9A19103F-16F7-4668-BE54-9A1E7A4F7556}") = "MoneyKeeper.UnitTests", "src\Server\Tests\MoneyKeeper.Tests\MoneyKeeper.UnitTests.csproj", "{B498390A-986B-403F-874F-D90F634CEC66}"
EndProject
Project("{2150E333-8FDC-42A3-9474-1A3956D46DE8}") = "Budget", "Budget", "{7E8B52C9-7E8F-455E-A6C1-1346C986B48E}"
EndProject
Project("{9A19103F-16F7-4668-BE54-9A1E7A4F7556}") = "MoneyKeeper.Budget.Core", "src\Server\Modules\Budget\MoneyKeeper.Budget.Core\MoneyKeeper.Budget.Core.csproj", "{4142A4D6-264F-42C1-BAE9-543421917CE5}"
EndProject
Project("{9A19103F-16F7-4668-BE54-9A1E7A4F7556}") = "MoneyKeeper.Budget.OCR", "src\Server\Modules\Budget\MoneyKeeper.Budget.OCR\MoneyKeeper.Budget.OCR.csproj", "{7011A03F-685A-44E4-A92A-7E400735FE36}"
EndProject
Global
	GlobalSection(SolutionConfigurationPlatforms) = preSolution
		Debug|Any CPU = Debug|Any CPU
		Release|Any CPU = Release|Any CPU
	EndGlobalSection
	GlobalSection(ProjectConfigurationPlatforms) = postSolution
		{53873AFD-974F-4624-B8AD-D2AF4E4847BE}.Debug|Any CPU.ActiveCfg = Debug|Any CPU
		{53873AFD-974F-4624-B8AD-D2AF4E4847BE}.Debug|Any CPU.Build.0 = Debug|Any CPU
		{53873AFD-974F-4624-B8AD-D2AF4E4847BE}.Release|Any CPU.ActiveCfg = Release|Any CPU
		{53873AFD-974F-4624-B8AD-D2AF4E4847BE}.Release|Any CPU.Build.0 = Release|Any CPU
		{41164245-3BD4-4D25-B593-C74427763829}.Debug|Any CPU.ActiveCfg = Debug|Any CPU
		{41164245-3BD4-4D25-B593-C74427763829}.Debug|Any CPU.Build.0 = Debug|Any CPU
		{41164245-3BD4-4D25-B593-C74427763829}.Release|Any CPU.ActiveCfg = Release|Any CPU
		{41164245-3BD4-4D25-B593-C74427763829}.Release|Any CPU.Build.0 = Release|Any CPU
		{74921CB0-5FC9-4EA4-8BC0-29177EDD6FA8}.Debug|Any CPU.ActiveCfg = Debug|Any CPU
		{74921CB0-5FC9-4EA4-8BC0-29177EDD6FA8}.Debug|Any CPU.Build.0 = Debug|Any CPU
		{74921CB0-5FC9-4EA4-8BC0-29177EDD6FA8}.Debug|Any CPU.Deploy.0 = Debug|Any CPU
		{74921CB0-5FC9-4EA4-8BC0-29177EDD6FA8}.Release|Any CPU.ActiveCfg = Release|Any CPU
		{74921CB0-5FC9-4EA4-8BC0-29177EDD6FA8}.Release|Any CPU.Build.0 = Release|Any CPU
		{74921CB0-5FC9-4EA4-8BC0-29177EDD6FA8}.Release|Any CPU.Deploy.0 = Release|Any CPU
		{B498390A-986B-403F-874F-D90F634CEC66}.Debug|Any CPU.ActiveCfg = Debug|Any CPU
		{B498390A-986B-403F-874F-D90F634CEC66}.Debug|Any CPU.Build.0 = Debug|Any CPU
		{B498390A-986B-403F-874F-D90F634CEC66}.Release|Any CPU.ActiveCfg = Release|Any CPU
		{B498390A-986B-403F-874F-D90F634CEC66}.Release|Any CPU.Build.0 = Release|Any CPU
		{4142A4D6-264F-42C1-BAE9-543421917CE5}.Debug|Any CPU.ActiveCfg = Debug|Any CPU
		{4142A4D6-264F-42C1-BAE9-543421917CE5}.Debug|Any CPU.Build.0 = Debug|Any CPU
		{4142A4D6-264F-42C1-BAE9-543421917CE5}.Release|Any CPU.ActiveCfg = Release|Any CPU
		{4142A4D6-264F-42C1-BAE9-543421917CE5}.Release|Any CPU.Build.0 = Release|Any CPU
		{7011A03F-685A-44E4-A92A-7E400735FE36}.Debug|Any CPU.ActiveCfg = Debug|Any CPU
		{7011A03F-685A-44E4-A92A-7E400735FE36}.Debug|Any CPU.Build.0 = Debug|Any CPU
		{7011A03F-685A-44E4-A92A-7E400735FE36}.Release|Any CPU.ActiveCfg = Release|Any CPU
		{7011A03F-685A-44E4-A92A-7E400735FE36}.Release|Any CPU.Build.0 = Release|Any CPU
	EndGlobalSection
	GlobalSection(SolutionProperties) = preSolution
		HideSolutionNode = FALSE
	EndGlobalSection
	GlobalSection(NestedProjects) = preSolution
		{C6E59D42-2FC0-4652-88D5-5F15E952D4CE} = {1AA818CE-921A-4266-9218-84185DB3068F}
		{B6E047BE-735F-4562-85AD-F1CEF96A0F4A} = {C6E59D42-2FC0-4652-88D5-5F15E952D4CE}
		{53873AFD-974F-4624-B8AD-D2AF4E4847BE} = {B6E047BE-735F-4562-85AD-F1CEF96A0F4A}
		{41164245-3BD4-4D25-B593-C74427763829} = {B6E047BE-735F-4562-85AD-F1CEF96A0F4A}
		{5750C55C-4B35-4740-8935-C45F26D7FA4B} = {C6E59D42-2FC0-4652-88D5-5F15E952D4CE}
		{128C7732-C875-406F-B1EB-D6449A2F544A} = {1AA818CE-921A-4266-9218-84185DB3068F}
		{74921CB0-5FC9-4EA4-8BC0-29177EDD6FA8} = {128C7732-C875-406F-B1EB-D6449A2F544A}
		{071578B3-37EC-4263-9388-9B86F401EDB3} = {C6E59D42-2FC0-4652-88D5-5F15E952D4CE}
		{B498390A-986B-403F-874F-D90F634CEC66} = {071578B3-37EC-4263-9388-9B86F401EDB3}
		{7E8B52C9-7E8F-455E-A6C1-1346C986B48E} = {5750C55C-4B35-4740-8935-C45F26D7FA4B}
		{4142A4D6-264F-42C1-BAE9-543421917CE5} = {7E8B52C9-7E8F-455E-A6C1-1346C986B48E}
		{7011A03F-685A-44E4-A92A-7E400735FE36} = {7E8B52C9-7E8F-455E-A6C1-1346C986B48E}
	EndGlobalSection
	GlobalSection(ExtensibilityGlobals) = postSolution
		SolutionGuid = {3EBF3903-B71B-4856-B47B-5EAB545CFDCB}
	EndGlobalSection
EndGlobal
